// !$*UTF8*$!
{
	archiveVersion = 1;
	classes = {
	};
	objectVersion = 51;
	objects = {

/* Begin PBXBuildFile section */
		54C43F57D44613BB12CEE47B /* Pods_MoviesTests.framework in Frameworks */ = {isa = PBXBuildFile; fileRef = 8BF3E44704EB14F94728C9DA /* Pods_MoviesTests.framework */; };
		A8E301DFE9348838C62843A6 /* Pods_MoviesUITests.framework in Frameworks */ = {isa = PBXBuildFile; fileRef = 3832EDEA99D9749B76E1910C /* Pods_MoviesUITests.framework */; };
		C3CD0BAFF89703F62A491F6E /* Pods_Movies.framework in Frameworks */ = {isa = PBXBuildFile; fileRef = 5B794419D84707DB3E9497ED /* Pods_Movies.framework */; };
		E71B3D7D22C80E36002ECD46 /* AppDelegate.swift in Sources */ = {isa = PBXBuildFile; fileRef = E71B3D7C22C80E36002ECD46 /* AppDelegate.swift */; };
		E71B3D8422C80E36002ECD46 /* Assets.xcassets in Resources */ = {isa = PBXBuildFile; fileRef = E71B3D8322C80E36002ECD46 /* Assets.xcassets */; };
		E71B3D8722C80E36002ECD46 /* LaunchScreen.storyboard in Resources */ = {isa = PBXBuildFile; fileRef = E71B3D8522C80E36002ECD46 /* LaunchScreen.storyboard */; };
		E71B3D9222C80E37002ECD46 /* MoviesTests.swift in Sources */ = {isa = PBXBuildFile; fileRef = E71B3D9122C80E37002ECD46 /* MoviesTests.swift */; };
		E71B3D9D22C80E37002ECD46 /* MoviesUITests.swift in Sources */ = {isa = PBXBuildFile; fileRef = E71B3D9C22C80E37002ECD46 /* MoviesUITests.swift */; };
		E7B9F78D22C87D93004DC8F9 /* FirstViewController.swift in Sources */ = {isa = PBXBuildFile; fileRef = E7B9F78B22C87D93004DC8F9 /* FirstViewController.swift */; };
		E7B9F78E22C87D93004DC8F9 /* FirstViewController.xib in Resources */ = {isa = PBXBuildFile; fileRef = E7B9F78C22C87D93004DC8F9 /* FirstViewController.xib */; };
/* End PBXBuildFile section */

/* Begin PBXContainerItemProxy section */
		E71B3D8E22C80E37002ECD46 /* PBXContainerItemProxy */ = {
			isa = PBXContainerItemProxy;
			containerPortal = E71B3D7122C80E36002ECD46 /* Project object */;
			proxyType = 1;
			remoteGlobalIDString = E71B3D7822C80E36002ECD46;
			remoteInfo = Movies;
		};
		E71B3D9922C80E37002ECD46 /* PBXContainerItemProxy */ = {
			isa = PBXContainerItemProxy;
			containerPortal = E71B3D7122C80E36002ECD46 /* Project object */;
			proxyType = 1;
			remoteGlobalIDString = E71B3D7822C80E36002ECD46;
			remoteInfo = Movies;
		};
/* End PBXContainerItemProxy section */

/* Begin PBXFileReference section */
		3832EDEA99D9749B76E1910C /* Pods_MoviesUITests.framework */ = {isa = PBXFileReference; explicitFileType = wrapper.framework; includeInIndex = 0; path = Pods_MoviesUITests.framework; sourceTree = BUILT_PRODUCTS_DIR; };
		3EAB63AF82CE1701AB5067A5 /* Pods-Movies.release.xcconfig */ = {isa = PBXFileReference; includeInIndex = 1; lastKnownFileType = text.xcconfig; name = "Pods-Movies.release.xcconfig"; path = "Target Support Files/Pods-Movies/Pods-Movies.release.xcconfig"; sourceTree = "<group>"; };
		572225F7DBF1552616B67872 /* Pods-MoviesTests.release.xcconfig */ = {isa = PBXFileReference; includeInIndex = 1; lastKnownFileType = text.xcconfig; name = "Pods-MoviesTests.release.xcconfig"; path = "Target Support Files/Pods-MoviesTests/Pods-MoviesTests.release.xcconfig"; sourceTree = "<group>"; };
		5B794419D84707DB3E9497ED /* Pods_Movies.framework */ = {isa = PBXFileReference; explicitFileType = wrapper.framework; includeInIndex = 0; path = Pods_Movies.framework; sourceTree = BUILT_PRODUCTS_DIR; };
		8BF3E44704EB14F94728C9DA /* Pods_MoviesTests.framework */ = {isa = PBXFileReference; explicitFileType = wrapper.framework; includeInIndex = 0; path = Pods_MoviesTests.framework; sourceTree = BUILT_PRODUCTS_DIR; };
		A1BDE332EABB879B04E7347B /* Pods-Movies.debug.xcconfig */ = {isa = PBXFileReference; includeInIndex = 1; lastKnownFileType = text.xcconfig; name = "Pods-Movies.debug.xcconfig"; path = "Target Support Files/Pods-Movies/Pods-Movies.debug.xcconfig"; sourceTree = "<group>"; };
		A5C60D49368D834FDE18318B /* Pods-MoviesTests.debug.xcconfig */ = {isa = PBXFileReference; includeInIndex = 1; lastKnownFileType = text.xcconfig; name = "Pods-MoviesTests.debug.xcconfig"; path = "Target Support Files/Pods-MoviesTests/Pods-MoviesTests.debug.xcconfig"; sourceTree = "<group>"; };
		A944EF5D929D2D9D9003B9B7 /* Pods-MoviesUITests.debug.xcconfig */ = {isa = PBXFileReference; includeInIndex = 1; lastKnownFileType = text.xcconfig; name = "Pods-MoviesUITests.debug.xcconfig"; path = "Target Support Files/Pods-MoviesUITests/Pods-MoviesUITests.debug.xcconfig"; sourceTree = "<group>"; };
		CA07BF23692EE4CEABF436C9 /* Pods-MoviesUITests.release.xcconfig */ = {isa = PBXFileReference; includeInIndex = 1; lastKnownFileType = text.xcconfig; name = "Pods-MoviesUITests.release.xcconfig"; path = "Target Support Files/Pods-MoviesUITests/Pods-MoviesUITests.release.xcconfig"; sourceTree = "<group>"; };
		E71B3D7922C80E36002ECD46 /* Movies.app */ = {isa = PBXFileReference; explicitFileType = wrapper.application; includeInIndex = 0; path = Movies.app; sourceTree = BUILT_PRODUCTS_DIR; };
		E71B3D7C22C80E36002ECD46 /* AppDelegate.swift */ = {isa = PBXFileReference; lastKnownFileType = sourcecode.swift; path = AppDelegate.swift; sourceTree = "<group>"; };
		E71B3D8322C80E36002ECD46 /* Assets.xcassets */ = {isa = PBXFileReference; lastKnownFileType = folder.assetcatalog; path = Assets.xcassets; sourceTree = "<group>"; };
		E71B3D8622C80E36002ECD46 /* Base */ = {isa = PBXFileReference; lastKnownFileType = file.storyboard; name = Base; path = Base.lproj/LaunchScreen.storyboard; sourceTree = "<group>"; };
		E71B3D8822C80E36002ECD46 /* Info.plist */ = {isa = PBXFileReference; lastKnownFileType = text.plist.xml; path = Info.plist; sourceTree = "<group>"; };
		E71B3D8D22C80E37002ECD46 /* MoviesTests.xctest */ = {isa = PBXFileReference; explicitFileType = wrapper.cfbundle; includeInIndex = 0; path = MoviesTests.xctest; sourceTree = BUILT_PRODUCTS_DIR; };
		E71B3D9122C80E37002ECD46 /* MoviesTests.swift */ = {isa = PBXFileReference; lastKnownFileType = sourcecode.swift; path = MoviesTests.swift; sourceTree = "<group>"; };
		E71B3D9322C80E37002ECD46 /* Info.plist */ = {isa = PBXFileReference; lastKnownFileType = text.plist.xml; path = Info.plist; sourceTree = "<group>"; };
		E71B3D9822C80E37002ECD46 /* MoviesUITests.xctest */ = {isa = PBXFileReference; explicitFileType = wrapper.cfbundle; includeInIndex = 0; path = MoviesUITests.xctest; sourceTree = BUILT_PRODUCTS_DIR; };
		E71B3D9C22C80E37002ECD46 /* MoviesUITests.swift */ = {isa = PBXFileReference; lastKnownFileType = sourcecode.swift; path = MoviesUITests.swift; sourceTree = "<group>"; };
		E71B3D9E22C80E37002ECD46 /* Info.plist */ = {isa = PBXFileReference; lastKnownFileType = text.plist.xml; path = Info.plist; sourceTree = "<group>"; };
		E7B9F78B22C87D93004DC8F9 /* FirstViewController.swift */ = {isa = PBXFileReference; lastKnownFileType = sourcecode.swift; path = FirstViewController.swift; sourceTree = "<group>"; };
		E7B9F78C22C87D93004DC8F9 /* FirstViewController.xib */ = {isa = PBXFileReference; lastKnownFileType = file.xib; path = FirstViewController.xib; sourceTree = "<group>"; };
/* End PBXFileReference section */

/* Begin PBXFrameworksBuildPhase section */
		E71B3D7622C80E36002ECD46 /* Frameworks */ = {
			isa = PBXFrameworksBuildPhase;
			buildActionMask = 2147483647;
			files = (
				C3CD0BAFF89703F62A491F6E /* Pods_Movies.framework in Frameworks */,
			);
			runOnlyForDeploymentPostprocessing = 0;
		};
		E71B3D8A22C80E37002ECD46 /* Frameworks */ = {
			isa = PBXFrameworksBuildPhase;
			buildActionMask = 2147483647;
			files = (
				54C43F57D44613BB12CEE47B /* Pods_MoviesTests.framework in Frameworks */,
			);
			runOnlyForDeploymentPostprocessing = 0;
		};
		E71B3D9522C80E37002ECD46 /* Frameworks */ = {
			isa = PBXFrameworksBuildPhase;
			buildActionMask = 2147483647;
			files = (
				A8E301DFE9348838C62843A6 /* Pods_MoviesUITests.framework in Frameworks */,
			);
			runOnlyForDeploymentPostprocessing = 0;
		};
/* End PBXFrameworksBuildPhase section */

/* Begin PBXGroup section */
		217BC5564415685975B240B8 /* Frameworks */ = {
			isa = PBXGroup;
			children = (
				5B794419D84707DB3E9497ED /* Pods_Movies.framework */,
				8BF3E44704EB14F94728C9DA /* Pods_MoviesTests.framework */,
				3832EDEA99D9749B76E1910C /* Pods_MoviesUITests.framework */,
			);
			name = Frameworks;
			sourceTree = "<group>";
		};
		BEB1AD5527E2E4ECC6F0F8BB /* Pods */ = {
			isa = PBXGroup;
			children = (
				A1BDE332EABB879B04E7347B /* Pods-Movies.debug.xcconfig */,
				3EAB63AF82CE1701AB5067A5 /* Pods-Movies.release.xcconfig */,
				A5C60D49368D834FDE18318B /* Pods-MoviesTests.debug.xcconfig */,
				572225F7DBF1552616B67872 /* Pods-MoviesTests.release.xcconfig */,
				A944EF5D929D2D9D9003B9B7 /* Pods-MoviesUITests.debug.xcconfig */,
				CA07BF23692EE4CEABF436C9 /* Pods-MoviesUITests.release.xcconfig */,
			);
			path = Pods;
			sourceTree = "<group>";
		};
		E71B3D7022C80E36002ECD46 = {
			isa = PBXGroup;
			children = (
				E71B3D7B22C80E36002ECD46 /* Movies */,
				E71B3D9022C80E37002ECD46 /* MoviesTests */,
				E71B3D9B22C80E37002ECD46 /* MoviesUITests */,
				E71B3D7A22C80E36002ECD46 /* Products */,
				BEB1AD5527E2E4ECC6F0F8BB /* Pods */,
				217BC5564415685975B240B8 /* Frameworks */,
			);
			sourceTree = "<group>";
		};
		E71B3D7A22C80E36002ECD46 /* Products */ = {
			isa = PBXGroup;
			children = (
				E71B3D7922C80E36002ECD46 /* Movies.app */,
				E71B3D8D22C80E37002ECD46 /* MoviesTests.xctest */,
				E71B3D9822C80E37002ECD46 /* MoviesUITests.xctest */,
			);
			name = Products;
			sourceTree = "<group>";
		};
		E71B3D7B22C80E36002ECD46 /* Movies */ = {
			isa = PBXGroup;
			children = (
				E71B3D7C22C80E36002ECD46 /* AppDelegate.swift */,
				E71B3D8322C80E36002ECD46 /* Assets.xcassets */,
				E71B3D8522C80E36002ECD46 /* LaunchScreen.storyboard */,
				E71B3D8822C80E36002ECD46 /* Info.plist */,
				E7B9F78B22C87D93004DC8F9 /* FirstViewController.swift */,
				E7B9F78C22C87D93004DC8F9 /* FirstViewController.xib */,
			);
			path = Movies;
			sourceTree = "<group>";
		};
		E71B3D9022C80E37002ECD46 /* MoviesTests */ = {
			isa = PBXGroup;
			children = (
				E71B3D9122C80E37002ECD46 /* MoviesTests.swift */,
				E71B3D9322C80E37002ECD46 /* Info.plist */,
			);
			path = MoviesTests;
			sourceTree = "<group>";
		};
		E71B3D9B22C80E37002ECD46 /* MoviesUITests */ = {
			isa = PBXGroup;
			children = (
				E71B3D9C22C80E37002ECD46 /* MoviesUITests.swift */,
				E71B3D9E22C80E37002ECD46 /* Info.plist */,
			);
			path = MoviesUITests;
			sourceTree = "<group>";
		};
/* End PBXGroup section */

/* Begin PBXNativeTarget section */
		E71B3D7822C80E36002ECD46 /* Movies */ = {
			isa = PBXNativeTarget;
			buildConfigurationList = E71B3DA122C80E37002ECD46 /* Build configuration list for PBXNativeTarget "Movies" */;
			buildPhases = (
				FBC592A46F9574B46D2564A3 /* [CP] Check Pods Manifest.lock */,
				E71B3D7522C80E36002ECD46 /* Sources */,
				E71B3D7622C80E36002ECD46 /* Frameworks */,
				E71B3D7722C80E36002ECD46 /* Resources */,
				78356421F401133E6408F4B0 /* [CP] Embed Pods Frameworks */,
			);
			buildRules = (
			);
			dependencies = (
			);
			name = Movies;
			productName = Movies;
			productReference = E71B3D7922C80E36002ECD46 /* Movies.app */;
			productType = "com.apple.product-type.application";
		};
		E71B3D8C22C80E37002ECD46 /* MoviesTests */ = {
			isa = PBXNativeTarget;
			buildConfigurationList = E71B3DA422C80E37002ECD46 /* Build configuration list for PBXNativeTarget "MoviesTests" */;
			buildPhases = (
				49CE7241D0348A8B61E10D52 /* [CP] Check Pods Manifest.lock */,
				E71B3D8922C80E37002ECD46 /* Sources */,
				E71B3D8A22C80E37002ECD46 /* Frameworks */,
				E71B3D8B22C80E37002ECD46 /* Resources */,
			);
			buildRules = (
			);
			dependencies = (
				E71B3D8F22C80E37002ECD46 /* PBXTargetDependency */,
			);
			name = MoviesTests;
			productName = MoviesTests;
			productReference = E71B3D8D22C80E37002ECD46 /* MoviesTests.xctest */;
			productType = "com.apple.product-type.bundle.unit-test";
		};
		E71B3D9722C80E37002ECD46 /* MoviesUITests */ = {
			isa = PBXNativeTarget;
			buildConfigurationList = E71B3DA722C80E37002ECD46 /* Build configuration list for PBXNativeTarget "MoviesUITests" */;
			buildPhases = (
				478390FDF67B0F576C8D7203 /* [CP] Check Pods Manifest.lock */,
				E71B3D9422C80E37002ECD46 /* Sources */,
				E71B3D9522C80E37002ECD46 /* Frameworks */,
				E71B3D9622C80E37002ECD46 /* Resources */,
			);
			buildRules = (
			);
			dependencies = (
				E71B3D9A22C80E37002ECD46 /* PBXTargetDependency */,
			);
			name = MoviesUITests;
			productName = MoviesUITests;
			productReference = E71B3D9822C80E37002ECD46 /* MoviesUITests.xctest */;
			productType = "com.apple.product-type.bundle.ui-testing";
		};
/* End PBXNativeTarget section */

/* Begin PBXProject section */
		E71B3D7122C80E36002ECD46 /* Project object */ = {
			isa = PBXProject;
			attributes = {
				LastSwiftUpdateCheck = 1020;
				LastUpgradeCheck = 1020;
				ORGANIZATIONNAME = "tokiwa takumi";
				TargetAttributes = {
					E71B3D7822C80E36002ECD46 = {
						CreatedOnToolsVersion = 10.2.1;
					};
					E71B3D8C22C80E37002ECD46 = {
						CreatedOnToolsVersion = 10.2.1;
						TestTargetID = E71B3D7822C80E36002ECD46;
					};
					E71B3D9722C80E37002ECD46 = {
						CreatedOnToolsVersion = 10.2.1;
						TestTargetID = E71B3D7822C80E36002ECD46;
					};
				};
			};
			buildConfigurationList = E71B3D7422C80E36002ECD46 /* Build configuration list for PBXProject "Movies" */;
			compatibilityVersion = "Xcode 9.3";
			developmentRegion = en;
			hasScannedForEncodings = 0;
			knownRegions = (
				en,
				Base,
			);
			mainGroup = E71B3D7022C80E36002ECD46;
			productRefGroup = E71B3D7A22C80E36002ECD46 /* Products */;
			projectDirPath = "";
			projectRoot = "";
			targets = (
				E71B3D7822C80E36002ECD46 /* Movies */,
				E71B3D8C22C80E37002ECD46 /* MoviesTests */,
				E71B3D9722C80E37002ECD46 /* MoviesUITests */,
			);
		};
/* End PBXProject section */

/* Begin PBXResourcesBuildPhase section */
		E71B3D7722C80E36002ECD46 /* Resources */ = {
			isa = PBXResourcesBuildPhase;
			buildActionMask = 2147483647;
			files = (
				E71B3D8722C80E36002ECD46 /* LaunchScreen.storyboard in Resources */,
				E7B9F78E22C87D93004DC8F9 /* FirstViewController.xib in Resources */,
				E71B3D8422C80E36002ECD46 /* Assets.xcassets in Resources */,
			);
			runOnlyForDeploymentPostprocessing = 0;
		};
		E71B3D8B22C80E37002ECD46 /* Resources */ = {
			isa = PBXResourcesBuildPhase;
			buildActionMask = 2147483647;
			files = (
			);
			runOnlyForDeploymentPostprocessing = 0;
		};
		E71B3D9622C80E37002ECD46 /* Resources */ = {
			isa = PBXResourcesBuildPhase;
			buildActionMask = 2147483647;
			files = (
			);
			runOnlyForDeploymentPostprocessing = 0;
		};
/* End PBXResourcesBuildPhase section */

/* Begin PBXShellScriptBuildPhase section */
		478390FDF67B0F576C8D7203 /* [CP] Check Pods Manifest.lock */ = {
			isa = PBXShellScriptBuildPhase;
			buildActionMask = 2147483647;
			files = (
			);
			inputFileListPaths = (
			);
			inputPaths = (
				"${PODS_PODFILE_DIR_PATH}/Podfile.lock",
				"${PODS_ROOT}/Manifest.lock",
			);
			name = "[CP] Check Pods Manifest.lock";
			outputFileListPaths = (
			);
			outputPaths = (
				"$(DERIVED_FILE_DIR)/Pods-MoviesUITests-checkManifestLockResult.txt",
			);
			runOnlyForDeploymentPostprocessing = 0;
			shellPath = /bin/sh;
			shellScript = "diff \"${PODS_PODFILE_DIR_PATH}/Podfile.lock\" \"${PODS_ROOT}/Manifest.lock\" > /dev/null\nif [ $? != 0 ] ; then\n    # print error to STDERR\n    echo \"error: The sandbox is not in sync with the Podfile.lock. Run 'pod install' or update your CocoaPods installation.\" >&2\n    exit 1\nfi\n# This output is used by Xcode 'outputs' to avoid re-running this script phase.\necho \"SUCCESS\" > \"${SCRIPT_OUTPUT_FILE_0}\"\n";
			showEnvVarsInLog = 0;
		};
		49CE7241D0348A8B61E10D52 /* [CP] Check Pods Manifest.lock */ = {
			isa = PBXShellScriptBuildPhase;
			buildActionMask = 2147483647;
			files = (
			);
			inputFileListPaths = (
			);
			inputPaths = (
				"${PODS_PODFILE_DIR_PATH}/Podfile.lock",
				"${PODS_ROOT}/Manifest.lock",
			);
			name = "[CP] Check Pods Manifest.lock";
			outputFileListPaths = (
			);
			outputPaths = (
				"$(DERIVED_FILE_DIR)/Pods-MoviesTests-checkManifestLockResult.txt",
			);
			runOnlyForDeploymentPostprocessing = 0;
			shellPath = /bin/sh;
			shellScript = "diff \"${PODS_PODFILE_DIR_PATH}/Podfile.lock\" \"${PODS_ROOT}/Manifest.lock\" > /dev/null\nif [ $? != 0 ] ; then\n    # print error to STDERR\n    echo \"error: The sandbox is not in sync with the Podfile.lock. Run 'pod install' or update your CocoaPods installation.\" >&2\n    exit 1\nfi\n# This output is used by Xcode 'outputs' to avoid re-running this script phase.\necho \"SUCCESS\" > \"${SCRIPT_OUTPUT_FILE_0}\"\n";
			showEnvVarsInLog = 0;
		};
		78356421F401133E6408F4B0 /* [CP] Embed Pods Frameworks */ = {
			isa = PBXShellScriptBuildPhase;
			buildActionMask = 2147483647;
			files = (
			);
			inputFileListPaths = (
				"${PODS_ROOT}/Target Support Files/Pods-Movies/Pods-Movies-frameworks-${CONFIGURATION}-input-files.xcfilelist",
			);
			name = "[CP] Embed Pods Frameworks";
			outputFileListPaths = (
				"${PODS_ROOT}/Target Support Files/Pods-Movies/Pods-Movies-frameworks-${CONFIGURATION}-output-files.xcfilelist",
			);
			runOnlyForDeploymentPostprocessing = 0;
			shellPath = /bin/sh;
			shellScript = "\"${PODS_ROOT}/Target Support Files/Pods-Movies/Pods-Movies-frameworks.sh\"\n";
			showEnvVarsInLog = 0;
		};
		FBC592A46F9574B46D2564A3 /* [CP] Check Pods Manifest.lock */ = {
			isa = PBXShellScriptBuildPhase;
			buildActionMask = 2147483647;
			files = (
			);
			inputFileListPaths = (
			);
			inputPaths = (
				"${PODS_PODFILE_DIR_PATH}/Podfile.lock",
				"${PODS_ROOT}/Manifest.lock",
			);
			name = "[CP] Check Pods Manifest.lock";
			outputFileListPaths = (
			);
			outputPaths = (
				"$(DERIVED_FILE_DIR)/Pods-Movies-checkManifestLockResult.txt",
			);
			runOnlyForDeploymentPostprocessing = 0;
			shellPath = /bin/sh;
			shellScript = "diff \"${PODS_PODFILE_DIR_PATH}/Podfile.lock\" \"${PODS_ROOT}/Manifest.lock\" > /dev/null\nif [ $? != 0 ] ; then\n    # print error to STDERR\n    echo \"error: The sandbox is not in sync with the Podfile.lock. Run 'pod install' or update your CocoaPods installation.\" >&2\n    exit 1\nfi\n# This output is used by Xcode 'outputs' to avoid re-running this script phase.\necho \"SUCCESS\" > \"${SCRIPT_OUTPUT_FILE_0}\"\n";
			showEnvVarsInLog = 0;
		};
/* End PBXShellScriptBuildPhase section */

/* Begin PBXSourcesBuildPhase section */
		E71B3D7522C80E36002ECD46 /* Sources */ = {
			isa = PBXSourcesBuildPhase;
			buildActionMask = 2147483647;
			files = (
				E71B3D7D22C80E36002ECD46 /* AppDelegate.swift in Sources */,
				E7B9F78D22C87D93004DC8F9 /* FirstViewController.swift in Sources */,
			);
			runOnlyForDeploymentPostprocessing = 0;
		};
		E71B3D8922C80E37002ECD46 /* Sources */ = {
			isa = PBXSourcesBuildPhase;
			buildActionMask = 2147483647;
			files = (
				E71B3D9222C80E37002ECD46 /* MoviesTests.swift in Sources */,
			);
			runOnlyForDeploymentPostprocessing = 0;
		};
		E71B3D9422C80E37002ECD46 /* Sources */ = {
			isa = PBXSourcesBuildPhase;
			buildActionMask = 2147483647;
			files = (
				E71B3D9D22C80E37002ECD46 /* MoviesUITests.swift in Sources */,
			);
			runOnlyForDeploymentPostprocessing = 0;
		};
/* End PBXSourcesBuildPhase section */

/* Begin PBXTargetDependency section */
		E71B3D8F22C80E37002ECD46 /* PBXTargetDependency */ = {
			isa = PBXTargetDependency;
			target = E71B3D7822C80E36002ECD46 /* Movies */;
			targetProxy = E71B3D8E22C80E37002ECD46 /* PBXContainerItemProxy */;
		};
		E71B3D9A22C80E37002ECD46 /* PBXTargetDependency */ = {
			isa = PBXTargetDependency;
			target = E71B3D7822C80E36002ECD46 /* Movies */;
			targetProxy = E71B3D9922C80E37002ECD46 /* PBXContainerItemProxy */;
		};
/* End PBXTargetDependency section */

/* Begin PBXVariantGroup section */
		E71B3D8522C80E36002ECD46 /* LaunchScreen.storyboard */ = {
			isa = PBXVariantGroup;
			children = (
				E71B3D8622C80E36002ECD46 /* Base */,
			);
			name = LaunchScreen.storyboard;
			sourceTree = "<group>";
		};
/* End PBXVariantGroup section */

/* Begin XCBuildConfiguration section */
		E71B3D9F22C80E37002ECD46 /* Debug */ = {
			isa = XCBuildConfiguration;
			buildSettings = {
				ALWAYS_SEARCH_USER_PATHS = NO;
				CLANG_ANALYZER_NONNULL = YES;
				CLANG_ANALYZER_NUMBER_OBJECT_CONVERSION = YES_AGGRESSIVE;
				CLANG_CXX_LANGUAGE_STANDARD = "gnu++14";
				CLANG_CXX_LIBRARY = "libc++";
				CLANG_ENABLE_MODULES = YES;
				CLANG_ENABLE_OBJC_ARC = YES;
				CLANG_ENABLE_OBJC_WEAK = YES;
				CLANG_WARN_BLOCK_CAPTURE_AUTORELEASING = YES;
				CLANG_WARN_BOOL_CONVERSION = YES;
				CLANG_WARN_COMMA = YES;
				CLANG_WARN_CONSTANT_CONVERSION = YES;
				CLANG_WARN_DEPRECATED_OBJC_IMPLEMENTATIONS = YES;
				CLANG_WARN_DIRECT_OBJC_ISA_USAGE = YES_ERROR;
				CLANG_WARN_DOCUMENTATION_COMMENTS = YES;
				CLANG_WARN_EMPTY_BODY = YES;
				CLANG_WARN_ENUM_CONVERSION = YES;
				CLANG_WARN_INFINITE_RECURSION = YES;
				CLANG_WARN_INT_CONVERSION = YES;
				CLANG_WARN_NON_LITERAL_NULL_CONVERSION = YES;
				CLANG_WARN_OBJC_IMPLICIT_RETAIN_SELF = YES;
				CLANG_WARN_OBJC_LITERAL_CONVERSION = YES;
				CLANG_WARN_OBJC_ROOT_CLASS = YES_ERROR;
				CLANG_WARN_RANGE_LOOP_ANALYSIS = YES;
				CLANG_WARN_STRICT_PROTOTYPES = YES;
				CLANG_WARN_SUSPICIOUS_MOVE = YES;
				CLANG_WARN_UNGUARDED_AVAILABILITY = YES_AGGRESSIVE;
				CLANG_WARN_UNREACHABLE_CODE = YES;
				CLANG_WARN__DUPLICATE_METHOD_MATCH = YES;
				CODE_SIGN_IDENTITY = "iPhone Developer";
				COPY_PHASE_STRIP = NO;
				DEBUG_INFORMATION_FORMAT = dwarf;
				ENABLE_STRICT_OBJC_MSGSEND = YES;
				ENABLE_TESTABILITY = YES;
				GCC_C_LANGUAGE_STANDARD = gnu11;
				GCC_DYNAMIC_NO_PIC = NO;
				GCC_NO_COMMON_BLOCKS = YES;
				GCC_OPTIMIZATION_LEVEL = 0;
				GCC_PREPROCESSOR_DEFINITIONS = (
					"DEBUG=1",
					"$(inherited)",
				);
				GCC_WARN_64_TO_32_BIT_CONVERSION = YES;
				GCC_WARN_ABOUT_RETURN_TYPE = YES_ERROR;
				GCC_WARN_UNDECLARED_SELECTOR = YES;
				GCC_WARN_UNINITIALIZED_AUTOS = YES_AGGRESSIVE;
				GCC_WARN_UNUSED_FUNCTION = YES;
				GCC_WARN_UNUSED_VARIABLE = YES;
				IPHONEOS_DEPLOYMENT_TARGET = 12.2;
				MTL_ENABLE_DEBUG_INFO = INCLUDE_SOURCE;
				MTL_FAST_MATH = YES;
				ONLY_ACTIVE_ARCH = YES;
				SDKROOT = iphoneos;
				SWIFT_ACTIVE_COMPILATION_CONDITIONS = DEBUG;
				SWIFT_OPTIMIZATION_LEVEL = "-Onone";
			};
			name = Debug;
		};
		E71B3DA022C80E37002ECD46 /* Release */ = {
			isa = XCBuildConfiguration;
			buildSettings = {
				ALWAYS_SEARCH_USER_PATHS = NO;
				CLANG_ANALYZER_NONNULL = YES;
				CLANG_ANALYZER_NUMBER_OBJECT_CONVERSION = YES_AGGRESSIVE;
				CLANG_CXX_LANGUAGE_STANDARD = "gnu++14";
				CLANG_CXX_LIBRARY = "libc++";
				CLANG_ENABLE_MODULES = YES;
				CLANG_ENABLE_OBJC_ARC = YES;
				CLANG_ENABLE_OBJC_WEAK = YES;
				CLANG_WARN_BLOCK_CAPTURE_AUTORELEASING = YES;
				CLANG_WARN_BOOL_CONVERSION = YES;
				CLANG_WARN_COMMA = YES;
				CLANG_WARN_CONSTANT_CONVERSION = YES;
				CLANG_WARN_DEPRECATED_OBJC_IMPLEMENTATIONS = YES;
				CLANG_WARN_DIRECT_OBJC_ISA_USAGE = YES_ERROR;
				CLANG_WARN_DOCUMENTATION_COMMENTS = YES;
				CLANG_WARN_EMPTY_BODY = YES;
				CLANG_WARN_ENUM_CONVERSION = YES;
				CLANG_WARN_INFINITE_RECURSION = YES;
				CLANG_WARN_INT_CONVERSION = YES;
				CLANG_WARN_NON_LITERAL_NULL_CONVERSION = YES;
				CLANG_WARN_OBJC_IMPLICIT_RETAIN_SELF = YES;
				CLANG_WARN_OBJC_LITERAL_CONVERSION = YES;
				CLANG_WARN_OBJC_ROOT_CLASS = YES_ERROR;
				CLANG_WARN_RANGE_LOOP_ANALYSIS = YES;
				CLANG_WARN_STRICT_PROTOTYPES = YES;
				CLANG_WARN_SUSPICIOUS_MOVE = YES;
				CLANG_WARN_UNGUARDED_AVAILABILITY = YES_AGGRESSIVE;
				CLANG_WARN_UNREACHABLE_CODE = YES;
				CLANG_WARN__DUPLICATE_METHOD_MATCH = YES;
				CODE_SIGN_IDENTITY = "iPhone Developer";
				COPY_PHASE_STRIP = NO;
				DEBUG_INFORMATION_FORMAT = "dwarf-with-dsym";
				ENABLE_NS_ASSERTIONS = NO;
				ENABLE_STRICT_OBJC_MSGSEND = YES;
				GCC_C_LANGUAGE_STANDARD = gnu11;
				GCC_NO_COMMON_BLOCKS = YES;
				GCC_WARN_64_TO_32_BIT_CONVERSION = YES;
				GCC_WARN_ABOUT_RETURN_TYPE = YES_ERROR;
				GCC_WARN_UNDECLARED_SELECTOR = YES;
				GCC_WARN_UNINITIALIZED_AUTOS = YES_AGGRESSIVE;
				GCC_WARN_UNUSED_FUNCTION = YES;
				GCC_WARN_UNUSED_VARIABLE = YES;
				IPHONEOS_DEPLOYMENT_TARGET = 12.2;
				MTL_ENABLE_DEBUG_INFO = NO;
				MTL_FAST_MATH = YES;
				SDKROOT = iphoneos;
				SWIFT_COMPILATION_MODE = wholemodule;
				SWIFT_OPTIMIZATION_LEVEL = "-O";
				VALIDATE_PRODUCT = YES;
			};
			name = Release;
		};
		E71B3DA222C80E37002ECD46 /* Debug */ = {
			isa = XCBuildConfiguration;
			baseConfigurationReference = A1BDE332EABB879B04E7347B /* Pods-Movies.debug.xcconfig */;
			buildSettings = {
				ASSETCATALOG_COMPILER_APPICON_NAME = AppIcon;
				CODE_SIGN_STYLE = Automatic;
				DEVELOPMENT_TEAM = 6JRLQFYZ26;
				INFOPLIST_FILE = Movies/Info.plist;
				LD_RUNPATH_SEARCH_PATHS = (
					"$(inherited)",
					"@executable_path/Frameworks",
				);
				PRODUCT_BUNDLE_IDENTIFIER = com.takutoki.Movies;
				PRODUCT_NAME = "$(TARGET_NAME)";
				SWIFT_VERSION = 5.0;
				TARGETED_DEVICE_FAMILY = "1,2";
			};
			name = Debug;
		};
		E71B3DA322C80E37002ECD46 /* Release */ = {
			isa = XCBuildConfiguration;
			baseConfigurationReference = 3EAB63AF82CE1701AB5067A5 /* Pods-Movies.release.xcconfig */;
			buildSettings = {
				ASSETCATALOG_COMPILER_APPICON_NAME = AppIcon;
				CODE_SIGN_STYLE = Automatic;
				DEVELOPMENT_TEAM = 6JRLQFYZ26;
				INFOPLIST_FILE = Movies/Info.plist;
				LD_RUNPATH_SEARCH_PATHS = (
					"$(inherited)",
					"@executable_path/Frameworks",
				);
				PRODUCT_BUNDLE_IDENTIFIER = com.takutoki.Movies;
				PRODUCT_NAME = "$(TARGET_NAME)";
				SWIFT_VERSION = 5.0;
				TARGETED_DEVICE_FAMILY = "1,2";
			};
			name = Release;
		};
		E71B3DA522C80E37002ECD46 /* Debug */ = {
			isa = XCBuildConfiguration;
			baseConfigurationReference = A5C60D49368D834FDE18318B /* Pods-MoviesTests.debug.xcconfig */;
			buildSettings = {
				ALWAYS_EMBED_SWIFT_STANDARD_LIBRARIES = YES;
				BUNDLE_LOADER = "$(TEST_HOST)";
				CODE_SIGN_STYLE = Automatic;
				DEVELOPMENT_TEAM = 6JRLQFYZ26;
				INFOPLIST_FILE = MoviesTests/Info.plist;
				LD_RUNPATH_SEARCH_PATHS = (
					"$(inherited)",
					"@executable_path/Frameworks",
					"@loader_path/Frameworks",
				);
				PRODUCT_BUNDLE_IDENTIFIER = com.takutoki.MoviesTests;
				PRODUCT_NAME = "$(TARGET_NAME)";
				SWIFT_VERSION = 5.0;
				TARGETED_DEVICE_FAMILY = "1,2";
				TEST_HOST = "$(BUILT_PRODUCTS_DIR)/Movies.app/Movies";
			};
			name = Debug;
		};
		E71B3DA622C80E37002ECD46 /* Release */ = {
			isa = XCBuildConfiguration;
			baseConfigurationReference = 572225F7DBF1552616B67872 /* Pods-MoviesTests.release.xcconfig */;
			buildSettings = {
				ALWAYS_EMBED_SWIFT_STANDARD_LIBRARIES = YES;
				BUNDLE_LOADER = "$(TEST_HOST)";
				CODE_SIGN_STYLE = Automatic;
				DEVELOPMENT_TEAM = 6JRLQFYZ26;
				INFOPLIST_FILE = MoviesTests/Info.plist;
				LD_RUNPATH_SEARCH_PATHS = (
					"$(inherited)",
					"@executable_path/Frameworks",
					"@loader_path/Frameworks",
				);
				PRODUCT_BUNDLE_IDENTIFIER = com.takutoki.MoviesTests;
				PRODUCT_NAME = "$(TARGET_NAME)";
				SWIFT_VERSION = 5.0;
				TARGETED_DEVICE_FAMILY = "1,2";
				TEST_HOST = "$(BUILT_PRODUCTS_DIR)/Movies.app/Movies";
			};
			name = Release;
		};
		E71B3DA822C80E37002ECD46 /* Debug */ = {
			isa = XCBuildConfiguration;
			baseConfigurationReference = A944EF5D929D2D9D9003B9B7 /* Pods-MoviesUITests.debug.xcconfig */;
			buildSettings = {
				ALWAYS_EMBED_SWIFT_STANDARD_LIBRARIES = YES;
				CODE_SIGN_STYLE = Automatic;
				DEVELOPMENT_TEAM = 6JRLQFYZ26;
				INFOPLIST_FILE = MoviesUITests/Info.plist;
				LD_RUNPATH_SEARCH_PATHS = (
					"$(inherited)",
					"@executable_path/Frameworks",
					"@loader_path/Frameworks",
				);
				PRODUCT_BUNDLE_IDENTIFIER = com.takutoki.MoviesUITests;
				PRODUCT_NAME = "$(TARGET_NAME)";
				SWIFT_VERSION = 5.0;
				TARGETED_DEVICE_FAMILY = "1,2";
				TEST_TARGET_NAME = Movies;
			};
			name = Debug;
		};
		E71B3DA922C80E37002ECD46 /* Release */ = {
			isa = XCBuildConfiguration;
			baseConfigurationReference = CA07BF23692EE4CEABF436C9 /* Pods-MoviesUITests.release.xcconfig */;
			buildSettings = {
				ALWAYS_EMBED_SWIFT_STANDARD_LIBRARIES = YES;
				CODE_SIGN_STYLE = Automatic;
				DEVELOPMENT_TEAM = 6JRLQFYZ26;
				INFOPLIST_FILE = MoviesUITests/Info.plist;
				LD_RUNPATH_SEARCH_PATHS = (
					"$(inherited)",
					"@executable_path/Frameworks",
					"@loader_path/Frameworks",
				);
				PRODUCT_BUNDLE_IDENTIFIER = com.takutoki.MoviesUITests;
				PRODUCT_NAME = "$(TARGET_NAME)";
				SWIFT_VERSION = 5.0;
				TARGETED_DEVICE_FAMILY = "1,2";
				TEST_TARGET_NAME = Movies;
			};
			name = Release;
		};
/* End XCBuildConfiguration section */

/* Begin XCConfigurationList section */
		E71B3D7422C80E36002ECD46 /* Build configuration list for PBXProject "Movies" */ = {
			isa = XCConfigurationList;
			buildConfigurations = (
				E71B3D9F22C80E37002ECD46 /* Debug */,
				E71B3DA022C80E37002ECD46 /* Release */,
			);
			defaultConfigurationIsVisible = 0;
			defaultConfigurationName = Release;
		};
		E71B3DA122C80E37002ECD46 /* Build configuration list for PBXNativeTarget "Movies" */ = {
			isa = XCConfigurationList;
			buildConfigurations = (
				E71B3DA222C80E37002ECD46 /* Debug */,
				E71B3DA322C80E37002ECD46 /* Release */,
			);
			defaultConfigurationIsVisible = 0;
			defaultConfigurationName = Release;
		};
		E71B3DA422C80E37002ECD46 /* Build configuration list for PBXNativeTarget "MoviesTests" */ = {
			isa = XCConfigurationList;
			buildConfigurations = (
				E71B3DA522C80E37002ECD46 /* Debug */,
				E71B3DA622C80E37002ECD46 /* Release */,
			);
			defaultConfigurationIsVisible = 0;
			defaultConfigurationName = Release;
		};
		E71B3DA722C80E37002ECD46 /* Build configuration list for PBXNativeTarget "MoviesUITests" */ = {
			isa = XCConfigurationList;
			buildConfigurations = (
				E71B3DA822C80E37002ECD46 /* Debug */,
				E71B3DA922C80E37002ECD46 /* Release */,
			);
			defaultConfigurationIsVisible = 0;
			defaultConfigurationName = Release;
		};
/* End XCConfigurationList section */
	};
	rootObject = E71B3D7122C80E36002ECD46 /* Project object */;
}
